
Microsoft Visual Studio Solution File, Format Version 12.00
# Visual Studio 2012
Project("{FAE04EC0-301F-11D3-BF4B-00C04F79EFBC}") = "FuzzyStringConsole", "FuzzyStringConsole\FuzzyStringConsole.csproj", "{FFE75CA6-E76E-4977-85D3-B6F256ACA5E6}"
EndProject
Project("{FAE04EC0-301F-11D3-BF4B-00C04F79EFBC}") = "FuzzyString", "FuzzyString\FuzzyString.csproj", "{2AAA900B-64FB-4874-9444-64AE33ACA970}"
EndProject
Global
	GlobalSection(TeamFoundationVersionControl) = preSolution
		SccNumberOfProjects = 3
		SccEnterpriseProvider = {4CA58AB2-18FA-4F8D-95D4-32DDF27D184C}
		SccTeamFoundationServer = https://tfs.codeplex.com/tfs/tfs07
		SccLocalPath0 = .
		SccProjectUniqueName1 = FuzzyStringConsole\\FuzzyStringConsole.csproj
		SccProjectName1 = FuzzyStringConsole
		SccLocalPath1 = FuzzyStringConsole
		SccProjectUniqueName2 = FuzzyString\\FuzzyString.csproj
		SccProjectName2 = FuzzyString
		SccLocalPath2 = FuzzyString
	EndGlobalSection
	GlobalSection(SolutionConfigurationPlatforms) = preSolution
		Debug|Any CPU = Debug|Any CPU
		Release|Any CPU = Release|Any CPU
	EndGlobalSection
	GlobalSection(ProjectConfigurationPlatforms) = postSolution
		{FFE75CA6-E76E-4977-85D3-B6F256ACA5E6}.Debug|Any CPU.ActiveCfg = Release|Any CPU
		{FFE75CA6-E76E-4977-85D3-B6F256ACA5E6}.Debug|Any CPU.Build.0 = Release|Any CPU
		{FFE75CA6-E76E-4977-85D3-B6F256ACA5E6}.Release|Any CPU.ActiveCfg = Release|Any CPU
		{FFE75CA6-E76E-4977-85D3-B6F256ACA5E6}.Release|Any CPU.Build.0 = Release|Any CPU
		{2AAA900B-64FB-4874-9444-64AE33ACA970}.Debug|Any CPU.ActiveCfg = Release|Any CPU
		{2AAA900B-64FB-4874-9444-64AE33ACA970}.Debug|Any CPU.Build.0 = Release|Any CPU
		{2AAA900B-64FB-4874-9444-64AE33ACA970}.Release|Any CPU.ActiveCfg = Release|Any CPU
		{2AAA900B-64FB-4874-9444-64AE33ACA970}.Release|Any CPU.Build.0 = Release|Any CPU
	EndGlobalSection
	GlobalSection(SolutionProperties) = preSolution
		HideSolutionNode = FALSE
	EndGlobalSection
EndGlobal
